
Microsoft Visual Studio Solution File, Format Version 12.00
# Visual Studio 2013
Project("{FAE04EC0-301F-11D3-BF4B-00C04F79EFBC}") = "UnityVS.Infinite Runner Unity Project.CSharp", "UnityVS.Infinite Runner Unity Project.CSharp.csproj", "{CCCF5FFF-A9CA-E0F5-092C-67CD17CA0CED}"
EndProject
Project("{FAE04EC0-301F-11D3-BF4B-00C04F79EFBC}") = "UnityVS.Infinite Runner Unity Project.CSharp.Plugins", "UnityVS.Infinite Runner Unity Project.CSharp.Plugins.csproj", "{0F533CDF-BDE7-F8B7-4B48-F7B1AA17F728}"
EndProject
Global
	GlobalSection(SolutionConfigurationPlatforms) = preSolution
		Debug|Any CPU = Debug|Any CPU
		Release|Any CPU = Release|Any CPU
	EndGlobalSection
	GlobalSection(ProjectConfigurationPlatforms) = postSolution
		{CCCF5FFF-A9CA-E0F5-092C-67CD17CA0CED}.Debug|Any CPU.ActiveCfg = Debug|Any CPU
		{CCCF5FFF-A9CA-E0F5-092C-67CD17CA0CED}.Debug|Any CPU.Build.0 = Debug|Any CPU
		{CCCF5FFF-A9CA-E0F5-092C-67CD17CA0CED}.Release|Any CPU.ActiveCfg = Release|Any CPU
		{CCCF5FFF-A9CA-E0F5-092C-67CD17CA0CED}.Release|Any CPU.Build.0 = Release|Any CPU
		{0F533CDF-BDE7-F8B7-4B48-F7B1AA17F728}.Debug|Any CPU.ActiveCfg = Debug|Any CPU
		{0F533CDF-BDE7-F8B7-4B48-F7B1AA17F728}.Debug|Any CPU.Build.0 = Debug|Any CPU
		{0F533CDF-BDE7-F8B7-4B48-F7B1AA17F728}.Release|Any CPU.ActiveCfg = Release|Any CPU
		{0F533CDF-BDE7-F8B7-4B48-F7B1AA17F728}.Release|Any CPU.Build.0 = Release|Any CPU
	EndGlobalSection
	GlobalSection(SolutionProperties) = preSolution
		HideSolutionNode = FALSE
	EndGlobalSection
EndGlobal
